// !$*UTF8*$!
{
	archiveVersion = 1;
	classes = {
	};
	objectVersion = 50;
	objects = {

/* Begin PBXBuildFile section */
		DD49790626006FB300ECE811 /* AppDelegate.swift in Sources */ = {isa = PBXBuildFile; fileRef = DD49790526006FB300ECE811 /* AppDelegate.swift */; };
		DD49790826006FB300ECE811 /* SceneDelegate.swift in Sources */ = {isa = PBXBuildFile; fileRef = DD49790726006FB300ECE811 /* SceneDelegate.swift */; };
		DD49790A26006FB300ECE811 /* ContentView.swift in Sources */ = {isa = PBXBuildFile; fileRef = DD49790926006FB300ECE811 /* ContentView.swift */; };
		DD49790C26006FB500ECE811 /* Assets.xcassets in Resources */ = {isa = PBXBuildFile; fileRef = DD49790B26006FB500ECE811 /* Assets.xcassets */; };
		DD49790F26006FB500ECE811 /* Preview Assets.xcassets in Resources */ = {isa = PBXBuildFile; fileRef = DD49790E26006FB500ECE811 /* Preview Assets.xcassets */; };
		DD49791226006FB500ECE811 /* LaunchScreen.storyboard in Resources */ = {isa = PBXBuildFile; fileRef = DD49791026006FB500ECE811 /* LaunchScreen.storyboard */; };
		DD49791C2600709B00ECE811 /* MasterMindModel.swift in Sources */ = {isa = PBXBuildFile; fileRef = DD49791B2600709B00ECE811 /* MasterMindModel.swift */; };
		DD49791F260070C000ECE811 /* MasterMindViewModel.swift in Sources */ = {isa = PBXBuildFile; fileRef = DD49791E260070C000ECE811 /* MasterMindViewModel.swift */; };
/* End PBXBuildFile section */

/* Begin PBXFileReference section */
		DD49790226006FB300ECE811 /* MasterMind.app */ = {isa = PBXFileReference; explicitFileType = wrapper.application; includeInIndex = 0; path = MasterMind.app; sourceTree = BUILT_PRODUCTS_DIR; };
		DD49790526006FB300ECE811 /* AppDelegate.swift */ = {isa = PBXFileReference; lastKnownFileType = sourcecode.swift; path = AppDelegate.swift; sourceTree = "<group>"; };
		DD49790726006FB300ECE811 /* SceneDelegate.swift */ = {isa = PBXFileReference; lastKnownFileType = sourcecode.swift; path = SceneDelegate.swift; sourceTree = "<group>"; };
		DD49790926006FB300ECE811 /* ContentView.swift */ = {isa = PBXFileReference; lastKnownFileType = sourcecode.swift; path = ContentView.swift; sourceTree = "<group>"; };
		DD49790B26006FB500ECE811 /* Assets.xcassets */ = {isa = PBXFileReference; lastKnownFileType = folder.assetcatalog; path = Assets.xcassets; sourceTree = "<group>"; };
		DD49790E26006FB500ECE811 /* Preview Assets.xcassets */ = {isa = PBXFileReference; lastKnownFileType = folder.assetcatalog; path = "Preview Assets.xcassets"; sourceTree = "<group>"; };
		DD49791126006FB500ECE811 /* Base */ = {isa = PBXFileReference; lastKnownFileType = file.storyboard; name = Base; path = Base.lproj/LaunchScreen.storyboard; sourceTree = "<group>"; };
		DD49791326006FB500ECE811 /* Info.plist */ = {isa = PBXFileReference; lastKnownFileType = text.plist.xml; path = Info.plist; sourceTree = "<group>"; };
		DD49791B2600709B00ECE811 /* MasterMindModel.swift */ = {isa = PBXFileReference; lastKnownFileType = sourcecode.swift; path = MasterMindModel.swift; sourceTree = "<group>"; };
		DD49791E260070C000ECE811 /* MasterMindViewModel.swift */ = {isa = PBXFileReference; lastKnownFileType = sourcecode.swift; path = MasterMindViewModel.swift; sourceTree = "<group>"; };
/* End PBXFileReference section */

/* Begin PBXFrameworksBuildPhase section */
		DD4978FF26006FB300ECE811 /* Frameworks */ = {
			isa = PBXFrameworksBuildPhase;
			buildActionMask = 2147483647;
			files = (
			);
			runOnlyForDeploymentPostprocessing = 0;
		};
/* End PBXFrameworksBuildPhase section */

/* Begin PBXGroup section */
		DD4978F926006FB300ECE811 = {
			isa = PBXGroup;
			children = (
				DD49790426006FB300ECE811 /* MasterMind */,
				DD49790326006FB300ECE811 /* Products */,
			);
			sourceTree = "<group>";
		};
		DD49790326006FB300ECE811 /* Products */ = {
			isa = PBXGroup;
			children = (
				DD49790226006FB300ECE811 /* MasterMind.app */,
			);
			name = Products;
			sourceTree = "<group>";
		};
		DD49790426006FB300ECE811 /* MasterMind */ = {
			isa = PBXGroup;
			children = (
				DD49790526006FB300ECE811 /* AppDelegate.swift */,
				DD49790726006FB300ECE811 /* SceneDelegate.swift */,
				DD49790926006FB300ECE811 /* ContentView.swift */,
				DD49790B26006FB500ECE811 /* Assets.xcassets */,
				DD49791026006FB500ECE811 /* LaunchScreen.storyboard */,
				DD49791326006FB500ECE811 /* Info.plist */,
				DD49790D26006FB500ECE811 /* Preview Content */,
				DD49791B2600709B00ECE811 /* MasterMindModel.swift */,
				DD49791E260070C000ECE811 /* MasterMindViewModel.swift */,
			);
			path = MasterMind;
			sourceTree = "<group>";
		};
		DD49790D26006FB500ECE811 /* Preview Content */ = {
			isa = PBXGroup;
			children = (
				DD49790E26006FB500ECE811 /* Preview Assets.xcassets */,
			);
			path = "Preview Content";
			sourceTree = "<group>";
		};
/* End PBXGroup section */

/* Begin PBXNativeTarget section */
		DD49790126006FB300ECE811 /* MasterMind */ = {
			isa = PBXNativeTarget;
			buildConfigurationList = DD49791626006FB500ECE811 /* Build configuration list for PBXNativeTarget "MasterMind" */;
			buildPhases = (
				DD4978FE26006FB300ECE811 /* Sources */,
				DD4978FF26006FB300ECE811 /* Frameworks */,
				DD49790026006FB300ECE811 /* Resources */,
			);
			buildRules = (
			);
			dependencies = (
			);
			name = MasterMind;
			productName = MasterMind;
			productReference = DD49790226006FB300ECE811 /* MasterMind.app */;
			productType = "com.apple.product-type.application";
		};
/* End PBXNativeTarget section */

/* Begin PBXProject section */
		DD4978FA26006FB300ECE811 /* Project object */ = {
			isa = PBXProject;
			attributes = {
				LastSwiftUpdateCheck = 1240;
				LastUpgradeCheck = 1240;
				TargetAttributes = {
					DD49790126006FB300ECE811 = {
						CreatedOnToolsVersion = 12.4;
					};
				};
			};
			buildConfigurationList = DD4978FD26006FB300ECE811 /* Build configuration list for PBXProject "MasterMind" */;
			compatibilityVersion = "Xcode 9.3";
			developmentRegion = en;
			hasScannedForEncodings = 0;
			knownRegions = (
				en,
				Base,
			);
			mainGroup = DD4978F926006FB300ECE811;
			productRefGroup = DD49790326006FB300ECE811 /* Products */;
			projectDirPath = "";
			projectRoot = "";
			targets = (
				DD49790126006FB300ECE811 /* MasterMind */,
			);
		};
/* End PBXProject section */

/* Begin PBXResourcesBuildPhase section */
		DD49790026006FB300ECE811 /* Resources */ = {
			isa = PBXResourcesBuildPhase;
			buildActionMask = 2147483647;
			files = (
				DD49791226006FB500ECE811 /* LaunchScreen.storyboard in Resources */,
				DD49790F26006FB500ECE811 /* Preview Assets.xcassets in Resources */,
				DD49790C26006FB500ECE811 /* Assets.xcassets in Resources */,
			);
			runOnlyForDeploymentPostprocessing = 0;
		};
/* End PBXResourcesBuildPhase section */

/* Begin PBXSourcesBuildPhase section */
		DD4978FE26006FB300ECE811 /* Sources */ = {
			isa = PBXSourcesBuildPhase;
			buildActionMask = 2147483647;
			files = (
				DD49790626006FB300ECE811 /* AppDelegate.swift in Sources */,
				DD49791C2600709B00ECE811 /* MasterMindModel.swift in Sources */,
				DD49791F260070C000ECE811 /* MasterMindViewModel.swift in Sources */,
				DD49790826006FB300ECE811 /* SceneDelegate.swift in Sources */,
				DD49790A26006FB300ECE811 /* ContentView.swift in Sources */,
			);
			runOnlyForDeploymentPostprocessing = 0;
		};
/* End PBXSourcesBuildPhase section */

/* Begin PBXVariantGroup section */
		DD49791026006FB500ECE811 /* LaunchScreen.storyboard */ = {
			isa = PBXVariantGroup;
			children = (
				DD49791126006FB500ECE811 /* Base */,
			);
			name = LaunchScreen.storyboard;
			sourceTree = "<group>";
		};
/* End PBXVariantGroup section */

/* Begin XCBuildConfiguration section */
		DD49791426006FB500ECE811 /* Debug */ = {
			isa = XCBuildConfiguration;
			buildSettings = {
				ALWAYS_SEARCH_USER_PATHS = NO;
				CLANG_ANALYZER_NONNULL = YES;
				CLANG_ANALYZER_NUMBER_OBJECT_CONVERSION = YES_AGGRESSIVE;
				CLANG_CXX_LANGUAGE_STANDARD = "gnu++14";
				CLANG_CXX_LIBRARY = "libc++";
				CLANG_ENABLE_MODULES = YES;
				CLANG_ENABLE_OBJC_ARC = YES;
				CLANG_ENABLE_OBJC_WEAK = YES;
				CLANG_WARN_BLOCK_CAPTURE_AUTORELEASING = YES;
				CLANG_WARN_BOOL_CONVERSION = YES;
				CLANG_WARN_COMMA = YES;
				CLANG_WARN_CONSTANT_CONVERSION = YES;
				CLANG_WARN_DEPRECATED_OBJC_IMPLEMENTATIONS = YES;
				CLANG_WARN_DIRECT_OBJC_ISA_USAGE = YES_ERROR;
				CLANG_WARN_DOCUMENTATION_COMMENTS = YES;
				CLANG_WARN_EMPTY_BODY = YES;
				CLANG_WARN_ENUM_CONVERSION = YES;
				CLANG_WARN_INFINITE_RECURSION = YES;
				CLANG_WARN_INT_CONVERSION = YES;
				CLANG_WARN_NON_LITERAL_NULL_CONVERSION = YES;
				CLANG_WARN_OBJC_IMPLICIT_RETAIN_SELF = YES;
				CLANG_WARN_OBJC_LITERAL_CONVERSION = YES;
				CLANG_WARN_OBJC_ROOT_CLASS = YES_ERROR;
				CLANG_WARN_QUOTED_INCLUDE_IN_FRAMEWORK_HEADER = YES;
				CLANG_WARN_RANGE_LOOP_ANALYSIS = YES;
				CLANG_WARN_STRICT_PROTOTYPES = YES;
				CLANG_WARN_SUSPICIOUS_MOVE = YES;
				CLANG_WARN_UNGUARDED_AVAILABILITY = YES_AGGRESSIVE;
				CLANG_WARN_UNREACHABLE_CODE = YES;
				CLANG_WARN__DUPLICATE_METHOD_MATCH = YES;
				COPY_PHASE_STRIP = NO;
				DEBUG_INFORMATION_FORMAT = dwarf;
				ENABLE_STRICT_OBJC_MSGSEND = YES;
				ENABLE_TESTABILITY = YES;
				GCC_C_LANGUAGE_STANDARD = gnu11;
				GCC_DYNAMIC_NO_PIC = NO;
				GCC_NO_COMMON_BLOCKS = YES;
				GCC_OPTIMIZATION_LEVEL = 0;
				GCC_PREPROCESSOR_DEFINITIONS = (
					"DEBUG=1",
					"$(inherited)",
				);
				GCC_WARN_64_TO_32_BIT_CONVERSION = YES;
				GCC_WARN_ABOUT_RETURN_TYPE = YES_ERROR;
				GCC_WARN_UNDECLARED_SELECTOR = YES;
				GCC_WARN_UNINITIALIZED_AUTOS = YES_AGGRESSIVE;
				GCC_WARN_UNUSED_FUNCTION = YES;
				GCC_WARN_UNUSED_VARIABLE = YES;
				IPHONEOS_DEPLOYMENT_TARGET = 14.4;
				MTL_ENABLE_DEBUG_INFO = INCLUDE_SOURCE;
				MTL_FAST_MATH = YES;
				ONLY_ACTIVE_ARCH = YES;
				SDKROOT = iphoneos;
				SWIFT_ACTIVE_COMPILATION_CONDITIONS = DEBUG;
				SWIFT_OPTIMIZATION_LEVEL = "-Onone";
			};
			name = Debug;
		};
		DD49791526006FB500ECE811 /* Release */ = {
			isa = XCBuildConfiguration;
			buildSettings = {
				ALWAYS_SEARCH_USER_PATHS = NO;
				CLANG_ANALYZER_NONNULL = YES;
				CLANG_ANALYZER_NUMBER_OBJECT_CONVERSION = YES_AGGRESSIVE;
				CLANG_CXX_LANGUAGE_STANDARD = "gnu++14";
				CLANG_CXX_LIBRARY = "libc++";
				CLANG_ENABLE_MODULES = YES;
				CLANG_ENABLE_OBJC_ARC = YES;
				CLANG_ENABLE_OBJC_WEAK = YES;
				CLANG_WARN_BLOCK_CAPTURE_AUTORELEASING = YES;
				CLANG_WARN_BOOL_CONVERSION = YES;
				CLANG_WARN_COMMA = YES;
				CLANG_WARN_CONSTANT_CONVERSION = YES;
				CLANG_WARN_DEPRECATED_OBJC_IMPLEMENTATIONS = YES;
				CLANG_WARN_DIRECT_OBJC_ISA_USAGE = YES_ERROR;
				CLANG_WARN_DOCUMENTATION_COMMENTS = YES;
				CLANG_WARN_EMPTY_BODY = YES;
				CLANG_WARN_ENUM_CONVERSION = YES;
				CLANG_WARN_INFINITE_RECURSION = YES;
				CLANG_WARN_INT_CONVERSION = YES;
				CLANG_WARN_NON_LITERAL_NULL_CONVERSION = YES;
				CLANG_WARN_OBJC_IMPLICIT_RETAIN_SELF = YES;
				CLANG_WARN_OBJC_LITERAL_CONVERSION = YES;
				CLANG_WARN_OBJC_ROOT_CLASS = YES_ERROR;
				CLANG_WARN_QUOTED_INCLUDE_IN_FRAMEWORK_HEADER = YES;
				CLANG_WARN_RANGE_LOOP_ANALYSIS = YES;
				CLANG_WARN_STRICT_PROTOTYPES = YES;
				CLANG_WARN_SUSPICIOUS_MOVE = YES;
				CLANG_WARN_UNGUARDED_AVAILABILITY = YES_AGGRESSIVE;
				CLANG_WARN_UNREACHABLE_CODE = YES;
				CLANG_WARN__DUPLICATE_METHOD_MATCH = YES;
				COPY_PHASE_STRIP = NO;
				DEBUG_INFORMATION_FORMAT = "dwarf-with-dsym";
				ENABLE_NS_ASSERTIONS = NO;
				ENABLE_STRICT_OBJC_MSGSEND = YES;
				GCC_C_LANGUAGE_STANDARD = gnu11;
				GCC_NO_COMMON_BLOCKS = YES;
				GCC_WARN_64_TO_32_BIT_CONVERSION = YES;
				GCC_WARN_ABOUT_RETURN_TYPE = YES_ERROR;
				GCC_WARN_UNDECLARED_SELECTOR = YES;
				GCC_WARN_UNINITIALIZED_AUTOS = YES_AGGRESSIVE;
				GCC_WARN_UNUSED_FUNCTION = YES;
				GCC_WARN_UNUSED_VARIABLE = YES;
				IPHONEOS_DEPLOYMENT_TARGET = 14.4;
				MTL_ENABLE_DEBUG_INFO = NO;
				MTL_FAST_MATH = YES;
				SDKROOT = iphoneos;
				SWIFT_COMPILATION_MODE = wholemodule;
				SWIFT_OPTIMIZATION_LEVEL = "-O";
				VALIDATE_PRODUCT = YES;
			};
			name = Release;
		};
		DD49791726006FB500ECE811 /* Debug */ = {
			isa = XCBuildConfiguration;
			buildSettings = {
				ASSETCATALOG_COMPILER_APPICON_NAME = AppIcon;
				ASSETCATALOG_COMPILER_GLOBAL_ACCENT_COLOR_NAME = AccentColor;
				CODE_SIGN_STYLE = Automatic;
				DEVELOPMENT_ASSET_PATHS = "\"MasterMind/Preview Content\"";
				DEVELOPMENT_TEAM = XA96R27RLD;
				ENABLE_PREVIEWS = YES;
				INFOPLIST_FILE = MasterMind/Info.plist;
				LD_RUNPATH_SEARCH_PATHS = (
					"$(inherited)",
					"@executable_path/Frameworks",
				);
				PRODUCT_BUNDLE_IDENTIFIER = edu.sonoma.crosales.MasterMind;
				PRODUCT_NAME = "$(TARGET_NAME)";
				SWIFT_VERSION = 5.0;
				TARGETED_DEVICE_FAMILY = "1,2";
			};
			name = Debug;
		};
		DD49791826006FB500ECE811 /* Release */ = {
			isa = XCBuildConfiguration;
			buildSettings = {
				ASSETCATALOG_COMPILER_APPICON_NAME = AppIcon;
				ASSETCATALOG_COMPILER_GLOBAL_ACCENT_COLOR_NAME = AccentColor;
				CODE_SIGN_STYLE = Automatic;
				DEVELOPMENT_ASSET_PATHS = "\"MasterMind/Preview Content\"";
				DEVELOPMENT_TEAM = XA96R27RLD;
				ENABLE_PREVIEWS = YES;
				INFOPLIST_FILE = MasterMind/Info.plist;
				LD_RUNPATH_SEARCH_PATHS = (
					"$(inherited)",
					"@executable_path/Frameworks",
				);
				PRODUCT_BUNDLE_IDENTIFIER = edu.sonoma.crosales.MasterMind;
				PRODUCT_NAME = "$(TARGET_NAME)";
				SWIFT_VERSION = 5.0;
				TARGETED_DEVICE_FAMILY = "1,2";
			};
			name = Release;
		};
/* End XCBuildConfiguration section */

/* Begin XCConfigurationList section */
		DD4978FD26006FB300ECE811 /* Build configuration list for PBXProject "MasterMind" */ = {
			isa = XCConfigurationList;
			buildConfigurations = (
				DD49791426006FB500ECE811 /* Debug */,
				DD49791526006FB500ECE811 /* Release */,
			);
			defaultConfigurationIsVisible = 0;
			defaultConfigurationName = Release;
		};
		DD49791626006FB500ECE811 /* Build configuration list for PBXNativeTarget "MasterMind" */ = {
			isa = XCConfigurationList;
			buildConfigurations = (
				DD49791726006FB500ECE811 /* Debug */,
				DD49791826006FB500ECE811 /* Release */,
			);
			defaultConfigurationIsVisible = 0;
			defaultConfigurationName = Release;
		};
/* End XCConfigurationList section */
	};
	rootObject = DD4978FA26006FB300ECE811 /* Project object */;
}
